
Microsoft Visual Studio Solution File, Format Version 12.00
# Visual Studio Version 17
VisualStudioVersion = 17.14.36414.22 d17.14
MinimumVisualStudioVersion = 10.0.40219.1
Project("{FAE04EC0-301F-11D3-BF4B-00C04F79EFBC}") = "RankenClassSchedule", "RankenClassSchedule\RankenClassSchedule.csproj", "{490F560C-571B-4B3A-BFFB-1045387DF634}"
EndProject
Global
	GlobalSection(SolutionConfigurationPlatforms) = preSolution
		Debug|Any CPU = Debug|Any CPU
		Release|Any CPU = Release|Any CPU
	EndGlobalSection
	GlobalSection(ProjectConfigurationPlatforms) = postSolution
		{490F560C-571B-4B3A-BFFB-1045387DF634}.Debug|Any CPU.ActiveCfg = Debug|Any CPU
		{490F560C-571B-4B3A-BFFB-1045387DF634}.Debug|Any CPU.Build.0 = Debug|Any CPU
		{490F560C-571B-4B3A-BFFB-1045387DF634}.Release|Any CPU.ActiveCfg = Release|Any CPU
		{490F560C-571B-4B3A-BFFB-1045387DF634}.Release|Any CPU.Build.0 = Release|Any CPU
	EndGlobalSection
	GlobalSection(SolutionProperties) = preSolution
		HideSolutionNode = FALSE
	EndGlobalSection
	GlobalSection(ExtensibilityGlobals) = postSolution
		SolutionGuid = {DD42F5BC-3B6E-4B10-82E7-CC7DD9880BED}
	EndGlobalSection
EndGlobal
