
Microsoft Visual Studio Solution File, Format Version 12.00
# Visual Studio Version 17
VisualStudioVersion = 17.14.36414.22 d17.14
MinimumVisualStudioVersion = 10.0.40219.1
Project("{FAE04EC0-301F-11D3-BF4B-00C04F79EFBC}") = "Auctions", "Auctions\Auctions.csproj", "{D845C4CD-49CE-4D6E-925A-0E1BAF3EAF9C}"
EndProject
Global
	GlobalSection(SolutionConfigurationPlatforms) = preSolution
		Debug|Any CPU = Debug|Any CPU
		Release|Any CPU = Release|Any CPU
	EndGlobalSection
	GlobalSection(ProjectConfigurationPlatforms) = postSolution
		{D845C4CD-49CE-4D6E-925A-0E1BAF3EAF9C}.Debug|Any CPU.ActiveCfg = Debug|Any CPU
		{D845C4CD-49CE-4D6E-925A-0E1BAF3EAF9C}.Debug|Any CPU.Build.0 = Debug|Any CPU
		{D845C4CD-49CE-4D6E-925A-0E1BAF3EAF9C}.Release|Any CPU.ActiveCfg = Release|Any CPU
		{D845C4CD-49CE-4D6E-925A-0E1BAF3EAF9C}.Release|Any CPU.Build.0 = Release|Any CPU
	EndGlobalSection
	GlobalSection(SolutionProperties) = preSolution
		HideSolutionNode = FALSE
	EndGlobalSection
	GlobalSection(ExtensibilityGlobals) = postSolution
		SolutionGuid = {65C0E4F5-9829-4E63-96B4-5553C1FCF2DD}
	EndGlobalSection
EndGlobal
